{
    "_meta": {
        "hash": {
            "sha256": "2944abf065b38478e757657dd5d7c8bd280e726a3fd4c7354f1fe8d447fb1e0a"
        },
        "pipfile-spec": 6,
        "requires": {
            "python_version": "3.10"
        },
        "sources": [
            {
                "name": "pypi",
                "url": "https://pypi.org/simple",
                "verify_ssl": true
            }
        ]
    },
    "default": {
        "pbkdf2": {
            "hashes": [
                "sha256:ac6397369f128212c43064a2b4878038dab78dab41875364554aaf2a684e6979"
            ],
            "index": "pypi",
            "version": "==1.3"
        },
        "ping3": {
            "hashes": [
                "sha256:0d5d0920029ff513128c77705c616b93f506cafd363b3d498759e4399acc18f0",
                "sha256:372a5c26c6aeebf5da310df7660ee6204146edc46f1bad19e349ae57cadb1d94"
            ],
            "index": "pypi",
            "version": "==4.0.3"
        },
        "pyfiglet": {
            "hashes": [
                "sha256:c6c2321755d09267b438ec7b936825a4910fec696292139e664ca8670e103639",
                "sha256:d555bcea17fbeaf70eaefa48bb119352487e629c9b56f30f383e2c62dd67a01c"
            ],
            "index": "pypi",
            "version": "==0.8.post1"
        },
        "python-nmap": {
            "hashes": [
                "sha256:f75af6b91dd8e3b0c31f869db32163f62ada686945e5b7c25f84bc0f7fad3b64"
            ],
            "index": "pypi",
            "version": "==0.7.1"
        }
    },
    "develop": {}
}
